PODS:
  - AmazonIVSPlayer (1.40.0)
  - SDWebImage (5.18.1):
    - SDWebImage/Core (= 5.18.1)
  - SDWebImage/Core (5.18.1)

DEPENDENCIES:
  - AmazonIVSPlayer (~> 1.40.0)
  - SDWebImage (~> 5.0)

SPEC REPOS:
  trunk:
    - AmazonIVSPlayer
    - SDWebImage

SPEC CHECKSUMS:
  AmazonIVSPlayer: b1dbf89d0067d016ab734dc6e7ae799ea52101cd
  SDWebImage: ebdbcebc7933a45226d9313bd0118bc052ad458b

PODFILE CHECKSUM: 292f3192e9bbc98288601c4e96a2b7744640189f

COCOAPODS: 1.16.2
