PODS:
  - AmazonIVSPlayer (1.38.0)
  - SDWebImage (5.18.1):
    - SDWebImage/Core (= 5.18.1)
  - SDWebImage/Core (5.18.1)

DEPENDENCIES:
  - AmazonIVSPlayer (~> 1.38.0)
  - SDWebImage (~> 5.0)

SPEC REPOS:
  trunk:
    - AmazonIVSPlayer
    - SDWebImage

SPEC CHECKSUMS:
  AmazonIVSPlayer: a0814406d75cca65998039f63ff9057ab3492b91
  SDWebImage: ebdbcebc7933a45226d9313bd0118bc052ad458b

PODFILE CHECKSUM: 277f7c9c16de50db8fa55f450576556895b921ad

COCOAPODS: 1.13.0
